
Microsoft Visual Studio Solution File, Format Version 12.00
# Visual Studio Version 17
VisualStudioVersion = 17.3.32804.467
MinimumVisualStudioVersion = 10.0.40219.1
Project("{6EC3EE1D-3C4E-46DD-8F32-0CC8E7565705}") = "Tests", "Tests\Tests.fsproj", "{D4266E94-56C1-4ABA-BC1B-9058D5B5CF30}"
EndProject
Project("{6EC3EE1D-3C4E-46DD-8F32-0CC8E7565705}") = "Benchmark", "Benchmark\Benchmark.fsproj", "{7774BE90-FDAF-4F98-9C2A-94679A015044}"
EndProject
Project("{6EC3EE1D-3C4E-46DD-8F32-0CC8E7565705}") = "MathFunction", "MathFunction\MathFunction.fsproj", "{318088F5-722D-432E-8CB1-6DC266A71BBB}"
EndProject
Project("{9A19103F-16F7-4668-BE54-9A1E7A4F7556}") = "CalculatorUI", "CalculatorUI\CalculatorUI.csproj", "{D40EC136-840D-4C76-9AC2-8980A36F0EF7}"
EndProject
Project("{F2A71F9B-5D33-465A-A702-920D77279786}") = "FunctionParser", "FunctionParser\FunctionParser.fsproj", "{94655F75-F462-490E-88A9-01AEC870A721}"
EndProject
Global
	GlobalSection(SolutionConfigurationPlatforms) = preSolution
		Debug|Any CPU = Debug|Any CPU
		Release|Any CPU = Release|Any CPU
	EndGlobalSection
	GlobalSection(ProjectConfigurationPlatforms) = postSolution
		{D4266E94-56C1-4ABA-BC1B-9058D5B5CF30}.Debug|Any CPU.ActiveCfg = Debug|Any CPU
		{D4266E94-56C1-4ABA-BC1B-9058D5B5CF30}.Debug|Any CPU.Build.0 = Debug|Any CPU
		{D4266E94-56C1-4ABA-BC1B-9058D5B5CF30}.Release|Any CPU.ActiveCfg = Release|Any CPU
		{D4266E94-56C1-4ABA-BC1B-9058D5B5CF30}.Release|Any CPU.Build.0 = Release|Any CPU
		{7774BE90-FDAF-4F98-9C2A-94679A015044}.Debug|Any CPU.ActiveCfg = Debug|Any CPU
		{7774BE90-FDAF-4F98-9C2A-94679A015044}.Debug|Any CPU.Build.0 = Debug|Any CPU
		{7774BE90-FDAF-4F98-9C2A-94679A015044}.Release|Any CPU.ActiveCfg = Release|Any CPU
		{7774BE90-FDAF-4F98-9C2A-94679A015044}.Release|Any CPU.Build.0 = Release|Any CPU
		{318088F5-722D-432E-8CB1-6DC266A71BBB}.Debug|Any CPU.ActiveCfg = Debug|Any CPU
		{318088F5-722D-432E-8CB1-6DC266A71BBB}.Debug|Any CPU.Build.0 = Debug|Any CPU
		{318088F5-722D-432E-8CB1-6DC266A71BBB}.Release|Any CPU.ActiveCfg = Release|Any CPU
		{318088F5-722D-432E-8CB1-6DC266A71BBB}.Release|Any CPU.Build.0 = Release|Any CPU
		{D40EC136-840D-4C76-9AC2-8980A36F0EF7}.Debug|Any CPU.ActiveCfg = Debug|Any CPU
		{D40EC136-840D-4C76-9AC2-8980A36F0EF7}.Debug|Any CPU.Build.0 = Debug|Any CPU
		{D40EC136-840D-4C76-9AC2-8980A36F0EF7}.Release|Any CPU.ActiveCfg = Release|Any CPU
		{D40EC136-840D-4C76-9AC2-8980A36F0EF7}.Release|Any CPU.Build.0 = Release|Any CPU
		{94655F75-F462-490E-88A9-01AEC870A721}.Debug|Any CPU.ActiveCfg = Debug|Any CPU
		{94655F75-F462-490E-88A9-01AEC870A721}.Debug|Any CPU.Build.0 = Debug|Any CPU
		{94655F75-F462-490E-88A9-01AEC870A721}.Release|Any CPU.ActiveCfg = Release|Any CPU
		{94655F75-F462-490E-88A9-01AEC870A721}.Release|Any CPU.Build.0 = Release|Any CPU
	EndGlobalSection
	GlobalSection(SolutionProperties) = preSolution
		HideSolutionNode = FALSE
	EndGlobalSection
	GlobalSection(ExtensibilityGlobals) = postSolution
		SolutionGuid = {D4D87242-715B-48C5-B5B3-A4EB33D4EAF6}
	EndGlobalSection
EndGlobal
